// !$*UTF8*$!
{
	archiveVersion = 1;
	classes = {
	};
	objectVersion = 56;
	objects = {

/* Begin PBXBuildFile section */
		3F0E7DE62C352453009BE8A6 /* MainViewController.swift in Sources */ = {isa = PBXBuildFile; fileRef = 3F0E7DE42C352453009BE8A6 /* MainViewController.swift */; };
		3F0E7DE72C352453009BE8A6 /* MainViewController.xib in Resources */ = {isa = PBXBuildFile; fileRef = 3F0E7DE52C352453009BE8A6 /* MainViewController.xib */; };
		3F0E7DF42C352E45009BE8A6 /* MainViewModel.swift in Sources */ = {isa = PBXBuildFile; fileRef = 3F0E7DF32C352E45009BE8A6 /* MainViewModel.swift */; };
		3F0E7DF62C35409A009BE8A6 /* NetworkConstants.swift in Sources */ = {isa = PBXBuildFile; fileRef = 3F0E7DF52C35409A009BE8A6 /* NetworkConstants.swift */; };
		3F0E7DF82C35426B009BE8A6 /* APICaller.swift in Sources */ = {isa = PBXBuildFile; fileRef = 3F0E7DF72C35426B009BE8A6 /* APICaller.swift */; };
		3F0E7DFA2C3545BA009BE8A6 /* TrendingMovie.swift in Sources */ = {isa = PBXBuildFile; fileRef = 3F0E7DF92C3545BA009BE8A6 /* TrendingMovie.swift */; };
		3F9B93692C33F6D100405A90 /* AppDelegate.swift in Sources */ = {isa = PBXBuildFile; fileRef = 3F9B93682C33F6D100405A90 /* AppDelegate.swift */; };
		3F9B93722C33F6D300405A90 /* Assets.xcassets in Resources */ = {isa = PBXBuildFile; fileRef = 3F9B93712C33F6D300405A90 /* Assets.xcassets */; };
		3F9B93752C33F6D300405A90 /* Base in Resources */ = {isa = PBXBuildFile; fileRef = 3F9B93742C33F6D300405A90 /* Base */; };
/* End PBXBuildFile section */

/* Begin PBXFileReference section */
		3F0E7DE42C352453009BE8A6 /* MainViewController.swift */ = {isa = PBXFileReference; lastKnownFileType = sourcecode.swift; path = MainViewController.swift; sourceTree = "<group>"; };
		3F0E7DE52C352453009BE8A6 /* MainViewController.xib */ = {isa = PBXFileReference; lastKnownFileType = file.xib; path = MainViewController.xib; sourceTree = "<group>"; };
		3F0E7DF32C352E45009BE8A6 /* MainViewModel.swift */ = {isa = PBXFileReference; lastKnownFileType = sourcecode.swift; path = MainViewModel.swift; sourceTree = "<group>"; };
		3F0E7DF52C35409A009BE8A6 /* NetworkConstants.swift */ = {isa = PBXFileReference; lastKnownFileType = sourcecode.swift; path = NetworkConstants.swift; sourceTree = "<group>"; };
		3F0E7DF72C35426B009BE8A6 /* APICaller.swift */ = {isa = PBXFileReference; lastKnownFileType = sourcecode.swift; path = APICaller.swift; sourceTree = "<group>"; };
		3F0E7DF92C3545BA009BE8A6 /* TrendingMovie.swift */ = {isa = PBXFileReference; lastKnownFileType = sourcecode.swift; path = TrendingMovie.swift; sourceTree = "<group>"; };
		3F9B93652C33F6D100405A90 /* MVVM Pattern Binding with Movie App.app */ = {isa = PBXFileReference; explicitFileType = wrapper.application; includeInIndex = 0; path = "MVVM Pattern Binding with Movie App.app"; sourceTree = BUILT_PRODUCTS_DIR; };
		3F9B93682C33F6D100405A90 /* AppDelegate.swift */ = {isa = PBXFileReference; lastKnownFileType = sourcecode.swift; path = AppDelegate.swift; sourceTree = "<group>"; };
		3F9B93712C33F6D300405A90 /* Assets.xcassets */ = {isa = PBXFileReference; lastKnownFileType = folder.assetcatalog; path = Assets.xcassets; sourceTree = "<group>"; };
		3F9B93742C33F6D300405A90 /* Base */ = {isa = PBXFileReference; lastKnownFileType = file.storyboard; name = Base; path = Base.lproj/LaunchScreen.storyboard; sourceTree = "<group>"; };
		3F9B93762C33F6D300405A90 /* Info.plist */ = {isa = PBXFileReference; lastKnownFileType = text.plist.xml; path = Info.plist; sourceTree = "<group>"; };
/* End PBXFileReference section */

/* Begin PBXFrameworksBuildPhase section */
		3F9B93622C33F6D100405A90 /* Frameworks */ = {
			isa = PBXFrameworksBuildPhase;
			buildActionMask = 2147483647;
			files = (
			);
			runOnlyForDeploymentPostprocessing = 0;
		};
/* End PBXFrameworksBuildPhase section */

/* Begin PBXGroup section */
		3F0E7DE32C35242C009BE8A6 /* MainViewController */ = {
			isa = PBXGroup;
			children = (
				3F0E7DE42C352453009BE8A6 /* MainViewController.swift */,
				3F0E7DE52C352453009BE8A6 /* MainViewController.xib */,
			);
			path = MainViewController;
			sourceTree = "<group>";
		};
		3F0E7DE82C352799009BE8A6 /* View */ = {
			isa = PBXGroup;
			children = (
				3F9B93732C33F6D300405A90 /* LaunchScreen.storyboard */,
			);
			path = View;
			sourceTree = "<group>";
		};
		3F0E7DE92C3527A0009BE8A6 /* ViewModel */ = {
			isa = PBXGroup;
			children = (
				3F0E7DF32C352E45009BE8A6 /* MainViewModel.swift */,
			);
			path = ViewModel;
			sourceTree = "<group>";
		};
		3F0E7DEA2C3527AB009BE8A6 /* Controllers */ = {
			isa = PBXGroup;
			children = (
				3F0E7DE32C35242C009BE8A6 /* MainViewController */,
			);
			path = Controllers;
			sourceTree = "<group>";
		};
		3F0E7DEB2C3527C0009BE8A6 /* Model */ = {
			isa = PBXGroup;
			children = (
				3F0E7DF92C3545BA009BE8A6 /* TrendingMovie.swift */,
			);
			path = Model;
			sourceTree = "<group>";
		};
		3F0E7DEC2C3527C9009BE8A6 /* Classes */ = {
			isa = PBXGroup;
			children = (
			);
			path = Classes;
			sourceTree = "<group>";
		};
		3F0E7DED2C3527CF009BE8A6 /* Resources */ = {
			isa = PBXGroup;
			children = (
				3F9B93712C33F6D300405A90 /* Assets.xcassets */,
			);
			path = Resources;
			sourceTree = "<group>";
		};
		3F0E7DEE2C3527DA009BE8A6 /* Extensions */ = {
			isa = PBXGroup;
			children = (
			);
			path = Extensions;
			sourceTree = "<group>";
		};
		3F0E7DEF2C3527E7009BE8A6 /* Networking */ = {
			isa = PBXGroup;
			children = (
				3F0E7DF52C35409A009BE8A6 /* NetworkConstants.swift */,
				3F0E7DF72C35426B009BE8A6 /* APICaller.swift */,
			);
			path = Networking;
			sourceTree = "<group>";
		};
		3F9B935C2C33F6D100405A90 = {
			isa = PBXGroup;
			children = (
				3F9B93672C33F6D100405A90 /* MVVM Pattern Binding with Movie App */,
				3F9B93662C33F6D100405A90 /* Products */,
			);
			sourceTree = "<group>";
		};
		3F9B93662C33F6D100405A90 /* Products */ = {
			isa = PBXGroup;
			children = (
				3F9B93652C33F6D100405A90 /* MVVM Pattern Binding with Movie App.app */,
			);
			name = Products;
			sourceTree = "<group>";
		};
		3F9B93672C33F6D100405A90 /* MVVM Pattern Binding with Movie App */ = {
			isa = PBXGroup;
			children = (
				3F0E7DEF2C3527E7009BE8A6 /* Networking */,
				3F0E7DEE2C3527DA009BE8A6 /* Extensions */,
				3F0E7DED2C3527CF009BE8A6 /* Resources */,
				3F0E7DEC2C3527C9009BE8A6 /* Classes */,
				3F0E7DEB2C3527C0009BE8A6 /* Model */,
				3F0E7DEA2C3527AB009BE8A6 /* Controllers */,
				3F0E7DE92C3527A0009BE8A6 /* ViewModel */,
				3F0E7DE82C352799009BE8A6 /* View */,
				3F9B93682C33F6D100405A90 /* AppDelegate.swift */,
				3F9B93762C33F6D300405A90 /* Info.plist */,
			);
			path = "MVVM Pattern Binding with Movie App";
			sourceTree = "<group>";
		};
/* End PBXGroup section */

/* Begin PBXNativeTarget section */
		3F9B93642C33F6D100405A90 /* MVVM Pattern Binding with Movie App */ = {
			isa = PBXNativeTarget;
			buildConfigurationList = 3F9B93792C33F6D300405A90 /* Build configuration list for PBXNativeTarget "MVVM Pattern Binding with Movie App" */;
			buildPhases = (
				3F9B93612C33F6D100405A90 /* Sources */,
				3F9B93622C33F6D100405A90 /* Frameworks */,
				3F9B93632C33F6D100405A90 /* Resources */,
			);
			buildRules = (
			);
			dependencies = (
			);
			name = "MVVM Pattern Binding with Movie App";
			productName = "MVVM Pattern Binding with Movie App";
			productReference = 3F9B93652C33F6D100405A90 /* MVVM Pattern Binding with Movie App.app */;
			productType = "com.apple.product-type.application";
		};
/* End PBXNativeTarget section */

/* Begin PBXProject section */
		3F9B935D2C33F6D100405A90 /* Project object */ = {
			isa = PBXProject;
			attributes = {
				BuildIndependentTargetsInParallel = 1;
				LastSwiftUpdateCheck = 1540;
				LastUpgradeCheck = 1540;
				TargetAttributes = {
					3F9B93642C33F6D100405A90 = {
						CreatedOnToolsVersion = 15.4;
					};
				};
			};
			buildConfigurationList = 3F9B93602C33F6D100405A90 /* Build configuration list for PBXProject "MVVM Pattern Binding with Movie App" */;
			compatibilityVersion = "Xcode 14.0";
			developmentRegion = en;
			hasScannedForEncodings = 0;
			knownRegions = (
				en,
				Base,
			);
			mainGroup = 3F9B935C2C33F6D100405A90;
			productRefGroup = 3F9B93662C33F6D100405A90 /* Products */;
			projectDirPath = "";
			projectRoot = "";
			targets = (
				3F9B93642C33F6D100405A90 /* MVVM Pattern Binding with Movie App */,
			);
		};
/* End PBXProject section */

/* Begin PBXResourcesBuildPhase section */
		3F9B93632C33F6D100405A90 /* Resources */ = {
			isa = PBXResourcesBuildPhase;
			buildActionMask = 2147483647;
			files = (
				3F9B93722C33F6D300405A90 /* Assets.xcassets in Resources */,
				3F0E7DE72C352453009BE8A6 /* MainViewController.xib in Resources */,
				3F9B93752C33F6D300405A90 /* Base in Resources */,
			);
			runOnlyForDeploymentPostprocessing = 0;
		};
/* End PBXResourcesBuildPhase section */

/* Begin PBXSourcesBuildPhase section */
		3F9B93612C33F6D100405A90 /* Sources */ = {
			isa = PBXSourcesBuildPhase;
			buildActionMask = 2147483647;
			files = (
				3F0E7DF62C35409A009BE8A6 /* NetworkConstants.swift in Sources */,
				3F9B93692C33F6D100405A90 /* AppDelegate.swift in Sources */,
				3F0E7DFA2C3545BA009BE8A6 /* TrendingMovie.swift in Sources */,
				3F0E7DE62C352453009BE8A6 /* MainViewController.swift in Sources */,
				3F0E7DF82C35426B009BE8A6 /* APICaller.swift in Sources */,
				3F0E7DF42C352E45009BE8A6 /* MainViewModel.swift in Sources */,
			);
			runOnlyForDeploymentPostprocessing = 0;
		};
/* End PBXSourcesBuildPhase section */

/* Begin PBXVariantGroup section */
		3F9B93732C33F6D300405A90 /* LaunchScreen.storyboard */ = {
			isa = PBXVariantGroup;
			children = (
				3F9B93742C33F6D300405A90 /* Base */,
			);
			name = LaunchScreen.storyboard;
			sourceTree = "<group>";
		};
/* End PBXVariantGroup section */

/* Begin XCBuildConfiguration section */
		3F9B93772C33F6D300405A90 /* Debug */ = {
			isa = XCBuildConfiguration;
			buildSettings = {
				ALWAYS_SEARCH_USER_PATHS = NO;
				ASSETCATALOG_COMPILER_GENERATE_SWIFT_ASSET_SYMBOL_EXTENSIONS = YES;
				CLANG_ANALYZER_NONNULL = YES;
				CLANG_ANALYZER_NUMBER_OBJECT_CONVERSION = YES_AGGRESSIVE;
				CLANG_CXX_LANGUAGE_STANDARD = "gnu++20";
				CLANG_ENABLE_MODULES = YES;
				CLANG_ENABLE_OBJC_ARC = YES;
				CLANG_ENABLE_OBJC_WEAK = YES;
				CLANG_WARN_BLOCK_CAPTURE_AUTORELEASING = YES;
				CLANG_WARN_BOOL_CONVERSION = YES;
				CLANG_WARN_COMMA = YES;
				CLANG_WARN_CONSTANT_CONVERSION = YES;
				CLANG_WARN_DEPRECATED_OBJC_IMPLEMENTATIONS = YES;
				CLANG_WARN_DIRECT_OBJC_ISA_USAGE = YES_ERROR;
				CLANG_WARN_DOCUMENTATION_COMMENTS = YES;
				CLANG_WARN_EMPTY_BODY = YES;
				CLANG_WARN_ENUM_CONVERSION = YES;
				CLANG_WARN_INFINITE_RECURSION = YES;
				CLANG_WARN_INT_CONVERSION = YES;
				CLANG_WARN_NON_LITERAL_NULL_CONVERSION = YES;
				CLANG_WARN_OBJC_IMPLICIT_RETAIN_SELF = YES;
				CLANG_WARN_OBJC_LITERAL_CONVERSION = YES;
				CLANG_WARN_OBJC_ROOT_CLASS = YES_ERROR;
				CLANG_WARN_QUOTED_INCLUDE_IN_FRAMEWORK_HEADER = YES;
				CLANG_WARN_RANGE_LOOP_ANALYSIS = YES;
				CLANG_WARN_STRICT_PROTOTYPES = YES;
				CLANG_WARN_SUSPICIOUS_MOVE = YES;
				CLANG_WARN_UNGUARDED_AVAILABILITY = YES_AGGRESSIVE;
				CLANG_WARN_UNREACHABLE_CODE = YES;
				CLANG_WARN__DUPLICATE_METHOD_MATCH = YES;
				COPY_PHASE_STRIP = NO;
				DEBUG_INFORMATION_FORMAT = dwarf;
				ENABLE_STRICT_OBJC_MSGSEND = YES;
				ENABLE_TESTABILITY = YES;
				ENABLE_USER_SCRIPT_SANDBOXING = YES;
				GCC_C_LANGUAGE_STANDARD = gnu17;
				GCC_DYNAMIC_NO_PIC = NO;
				GCC_NO_COMMON_BLOCKS = YES;
				GCC_OPTIMIZATION_LEVEL = 0;
				GCC_PREPROCESSOR_DEFINITIONS = (
					"DEBUG=1",
					"$(inherited)",
				);
				GCC_WARN_64_TO_32_BIT_CONVERSION = YES;
				GCC_WARN_ABOUT_RETURN_TYPE = YES_ERROR;
				GCC_WARN_UNDECLARED_SELECTOR = YES;
				GCC_WARN_UNINITIALIZED_AUTOS = YES_AGGRESSIVE;
				GCC_WARN_UNUSED_FUNCTION = YES;
				GCC_WARN_UNUSED_VARIABLE = YES;
				IPHONEOS_DEPLOYMENT_TARGET = 17.5;
				LOCALIZATION_PREFERS_STRING_CATALOGS = YES;
				MTL_ENABLE_DEBUG_INFO = INCLUDE_SOURCE;
				MTL_FAST_MATH = YES;
				ONLY_ACTIVE_ARCH = YES;
				SDKROOT = iphoneos;
				SWIFT_ACTIVE_COMPILATION_CONDITIONS = "DEBUG $(inherited)";
				SWIFT_OPTIMIZATION_LEVEL = "-Onone";
			};
			name = Debug;
		};
		3F9B93782C33F6D300405A90 /* Release */ = {
			isa = XCBuildConfiguration;
			buildSettings = {
				ALWAYS_SEARCH_USER_PATHS = NO;
				ASSETCATALOG_COMPILER_GENERATE_SWIFT_ASSET_SYMBOL_EXTENSIONS = YES;
				CLANG_ANALYZER_NONNULL = YES;
				CLANG_ANALYZER_NUMBER_OBJECT_CONVERSION = YES_AGGRESSIVE;
				CLANG_CXX_LANGUAGE_STANDARD = "gnu++20";
				CLANG_ENABLE_MODULES = YES;
				CLANG_ENABLE_OBJC_ARC = YES;
				CLANG_ENABLE_OBJC_WEAK = YES;
				CLANG_WARN_BLOCK_CAPTURE_AUTORELEASING = YES;
				CLANG_WARN_BOOL_CONVERSION = YES;
				CLANG_WARN_COMMA = YES;
				CLANG_WARN_CONSTANT_CONVERSION = YES;
				CLANG_WARN_DEPRECATED_OBJC_IMPLEMENTATIONS = YES;
				CLANG_WARN_DIRECT_OBJC_ISA_USAGE = YES_ERROR;
				CLANG_WARN_DOCUMENTATION_COMMENTS = YES;
				CLANG_WARN_EMPTY_BODY = YES;
				CLANG_WARN_ENUM_CONVERSION = YES;
				CLANG_WARN_INFINITE_RECURSION = YES;
				CLANG_WARN_INT_CONVERSION = YES;
				CLANG_WARN_NON_LITERAL_NULL_CONVERSION = YES;
				CLANG_WARN_OBJC_IMPLICIT_RETAIN_SELF = YES;
				CLANG_WARN_OBJC_LITERAL_CONVERSION = YES;
				CLANG_WARN_OBJC_ROOT_CLASS = YES_ERROR;
				CLANG_WARN_QUOTED_INCLUDE_IN_FRAMEWORK_HEADER = YES;
				CLANG_WARN_RANGE_LOOP_ANALYSIS = YES;
				CLANG_WARN_STRICT_PROTOTYPES = YES;
				CLANG_WARN_SUSPICIOUS_MOVE = YES;
				CLANG_WARN_UNGUARDED_AVAILABILITY = YES_AGGRESSIVE;
				CLANG_WARN_UNREACHABLE_CODE = YES;
				CLANG_WARN__DUPLICATE_METHOD_MATCH = YES;
				COPY_PHASE_STRIP = NO;
				DEBUG_INFORMATION_FORMAT = "dwarf-with-dsym";
				ENABLE_NS_ASSERTIONS = NO;
				ENABLE_STRICT_OBJC_MSGSEND = YES;
				ENABLE_USER_SCRIPT_SANDBOXING = YES;
				GCC_C_LANGUAGE_STANDARD = gnu17;
				GCC_NO_COMMON_BLOCKS = YES;
				GCC_WARN_64_TO_32_BIT_CONVERSION = YES;
				GCC_WARN_ABOUT_RETURN_TYPE = YES_ERROR;
				GCC_WARN_UNDECLARED_SELECTOR = YES;
				GCC_WARN_UNINITIALIZED_AUTOS = YES_AGGRESSIVE;
				GCC_WARN_UNUSED_FUNCTION = YES;
				GCC_WARN_UNUSED_VARIABLE = YES;
				IPHONEOS_DEPLOYMENT_TARGET = 17.5;
				LOCALIZATION_PREFERS_STRING_CATALOGS = YES;
				MTL_ENABLE_DEBUG_INFO = NO;
				MTL_FAST_MATH = YES;
				SDKROOT = iphoneos;
				SWIFT_COMPILATION_MODE = wholemodule;
				VALIDATE_PRODUCT = YES;
			};
			name = Release;
		};
		3F9B937A2C33F6D300405A90 /* Debug */ = {
			isa = XCBuildConfiguration;
			buildSettings = {
				ASSETCATALOG_COMPILER_APPICON_NAME = AppIcon;
				ASSETCATALOG_COMPILER_GLOBAL_ACCENT_COLOR_NAME = AccentColor;
				CODE_SIGN_STYLE = Automatic;
				CURRENT_PROJECT_VERSION = 1;
				DEVELOPMENT_TEAM = HM232RT6TS;
				GENERATE_INFOPLIST_FILE = YES;
				INFOPLIST_FILE = "MVVM Pattern Binding with Movie App/Info.plist";
				INFOPLIST_KEY_UIApplicationSupportsIndirectInputEvents = YES;
				INFOPLIST_KEY_UILaunchStoryboardName = LaunchScreen;
				INFOPLIST_KEY_UISupportedInterfaceOrientations_iPad = "UIInterfaceOrientationPortrait UIInterfaceOrientationPortraitUpsideDown UIInterfaceOrientationLandscapeLeft UIInterfaceOrientationLandscapeRight";
				INFOPLIST_KEY_UISupportedInterfaceOrientations_iPhone = "UIInterfaceOrientationPortrait UIInterfaceOrientationLandscapeLeft UIInterfaceOrientationLandscapeRight";
				LD_RUNPATH_SEARCH_PATHS = (
					"$(inherited)",
					"@executable_path/Frameworks",
				);
				MARKETING_VERSION = 1.0;
				PRODUCT_BUNDLE_IDENTIFIER = "fazlialtun.MVVM-Pattern-Binding-with-Movie-App";
				PRODUCT_NAME = "$(TARGET_NAME)";
				SWIFT_EMIT_LOC_STRINGS = YES;
				SWIFT_VERSION = 5.0;
				TARGETED_DEVICE_FAMILY = "1,2";
			};
			name = Debug;
		};
		3F9B937B2C33F6D300405A90 /* Release */ = {
			isa = XCBuildConfiguration;
			buildSettings = {
				ASSETCATALOG_COMPILER_APPICON_NAME = AppIcon;
				ASSETCATALOG_COMPILER_GLOBAL_ACCENT_COLOR_NAME = AccentColor;
				CODE_SIGN_STYLE = Automatic;
				CURRENT_PROJECT_VERSION = 1;
				DEVELOPMENT_TEAM = HM232RT6TS;
				GENERATE_INFOPLIST_FILE = YES;
				INFOPLIST_FILE = "MVVM Pattern Binding with Movie App/Info.plist";
				INFOPLIST_KEY_UIApplicationSupportsIndirectInputEvents = YES;
				INFOPLIST_KEY_UILaunchStoryboardName = LaunchScreen;
				INFOPLIST_KEY_UISupportedInterfaceOrientations_iPad = "UIInterfaceOrientationPortrait UIInterfaceOrientationPortraitUpsideDown UIInterfaceOrientationLandscapeLeft UIInterfaceOrientationLandscapeRight";
				INFOPLIST_KEY_UISupportedInterfaceOrientations_iPhone = "UIInterfaceOrientationPortrait UIInterfaceOrientationLandscapeLeft UIInterfaceOrientationLandscapeRight";
				LD_RUNPATH_SEARCH_PATHS = (
					"$(inherited)",
					"@executable_path/Frameworks",
				);
				MARKETING_VERSION = 1.0;
				PRODUCT_BUNDLE_IDENTIFIER = "fazlialtun.MVVM-Pattern-Binding-with-Movie-App";
				PRODUCT_NAME = "$(TARGET_NAME)";
				SWIFT_EMIT_LOC_STRINGS = YES;
				SWIFT_VERSION = 5.0;
				TARGETED_DEVICE_FAMILY = "1,2";
			};
			name = Release;
		};
/* End XCBuildConfiguration section */

/* Begin XCConfigurationList section */
		3F9B93602C33F6D100405A90 /* Build configuration list for PBXProject "MVVM Pattern Binding with Movie App" */ = {
			isa = XCConfigurationList;
			buildConfigurations = (
				3F9B93772C33F6D300405A90 /* Debug */,
				3F9B93782C33F6D300405A90 /* Release */,
			);
			defaultConfigurationIsVisible = 0;
			defaultConfigurationName = Release;
		};
		3F9B93792C33F6D300405A90 /* Build configuration list for PBXNativeTarget "MVVM Pattern Binding with Movie App" */ = {
			isa = XCConfigurationList;
			buildConfigurations = (
				3F9B937A2C33F6D300405A90 /* Debug */,
				3F9B937B2C33F6D300405A90 /* Release */,
			);
			defaultConfigurationIsVisible = 0;
			defaultConfigurationName = Release;
		};
/* End XCConfigurationList section */
	};
	rootObject = 3F9B935D2C33F6D100405A90 /* Project object */;
}
